Microsoft Visual Studio Solution File, Format Version 12.00
# Visual Studio Version 17
VisualStudioVersion = 17.5.2.0
MinimumVisualStudioVersion = 10.0.40219.1
Project("{FAE04EC0-301F-11D3-BF4B-00C04F79EFBC}") = "MeetingWhisperAI", "MeetingWhisperAI\MeetingWhisperAI.csproj", "{3F2EE17E-3F2B-7256-7D14-696CC38E6538}"
EndProject
Global
	GlobalSection(SolutionConfigurationPlatforms) = preSolution
		Debug|Any CPU = Debug|Any CPU
		Release|Any CPU = Release|Any CPU
	EndGlobalSection
	GlobalSection(ProjectConfigurationPlatforms) = postSolution
		{3F2EE17E-3F2B-7256-7D14-696CC38E6538}.Debug|Any CPU.ActiveCfg = Debug|Any CPU
		{3F2EE17E-3F2B-7256-7D14-696CC38E6538}.Debug|Any CPU.Build.0 = Debug|Any CPU
		{3F2EE17E-3F2B-7256-7D14-696CC38E6538}.Release|Any CPU.ActiveCfg = Release|Any CPU
		{3F2EE17E-3F2B-7256-7D14-696CC38E6538}.Release|Any CPU.Build.0 = Release|Any CPU
	EndGlobalSection
	GlobalSection(SolutionProperties) = preSolution
		HideSolutionNode = FALSE
	EndGlobalSection
	GlobalSection(ExtensibilityGlobals) = postSolution
		SolutionGuid = {441644EB-8BD3-41E4-B23E-B280153B509E}
	EndGlobalSection
EndGlobal
